Microsoft Visual Studio Solution File, Format Version 12.00
# Visual Studio Version 17
VisualStudioVersion = 17.5.2.0
MinimumVisualStudioVersion = 10.0.40219.1
Project("{2150E333-8FDC-42A3-9474-1A3956D46DE8}") = "services", "services", "{5854FF58-B8C5-05C6-5BF2-ACE42193F22B}"
EndProject
Project("{2150E333-8FDC-42A3-9474-1A3956D46DE8}") = "iot-service", "iot-service", "{55575803-E72D-90B4-B0C7-4F18A1B25CC3}"
EndProject
Project("{FAE04EC0-301F-11D3-BF4B-00C04F79EFBC}") = "Grpc-Server", "services\iot-service\Grpc-Server\Grpc-Server.csproj", "{635CE963-EEFC-CC3D-0F50-132AD06FC56E}"
EndProject
Project("{FAE04EC0-301F-11D3-BF4B-00C04F79EFBC}") = "Mock_IoT_Producer", "services\iot-service\Mock_IoT_Producer\Mock_IoT_Producer.csproj", "{1EB3712F-14BD-B9AE-58C7-EC3ABD641BAA}"
EndProject
Project("{2150E333-8FDC-42A3-9474-1A3956D46DE8}") = "ModelServices", "ModelServices", "{5FDC4F27-3EE4-8691-CD52-D922B3390AF5}"
EndProject
Project("{FAE04EC0-301F-11D3-BF4B-00C04F79EFBC}") = "PredictionService.grpc", "services\ModelServices\PredictionService.grpc\PredictionService.grpc.csproj", "{6319A273-26F4-6AEA-40D0-948C2DBCFDDD}"
EndProject
Global
	GlobalSection(SolutionConfigurationPlatforms) = preSolution
		Debug|Any CPU = Debug|Any CPU
		Release|Any CPU = Release|Any CPU
	EndGlobalSection
	GlobalSection(ProjectConfigurationPlatforms) = postSolution
		{635CE963-EEFC-CC3D-0F50-132AD06FC56E}.Debug|Any CPU.ActiveCfg = Debug|Any CPU
		{635CE963-EEFC-CC3D-0F50-132AD06FC56E}.Debug|Any CPU.Build.0 = Debug|Any CPU
		{635CE963-EEFC-CC3D-0F50-132AD06FC56E}.Release|Any CPU.ActiveCfg = Release|Any CPU
		{635CE963-EEFC-CC3D-0F50-132AD06FC56E}.Release|Any CPU.Build.0 = Release|Any CPU
		{1EB3712F-14BD-B9AE-58C7-EC3ABD641BAA}.Debug|Any CPU.ActiveCfg = Debug|Any CPU
		{1EB3712F-14BD-B9AE-58C7-EC3ABD641BAA}.Debug|Any CPU.Build.0 = Debug|Any CPU
		{1EB3712F-14BD-B9AE-58C7-EC3ABD641BAA}.Release|Any CPU.ActiveCfg = Release|Any CPU
		{1EB3712F-14BD-B9AE-58C7-EC3ABD641BAA}.Release|Any CPU.Build.0 = Release|Any CPU
		{6319A273-26F4-6AEA-40D0-948C2DBCFDDD}.Debug|Any CPU.ActiveCfg = Debug|Any CPU
		{6319A273-26F4-6AEA-40D0-948C2DBCFDDD}.Debug|Any CPU.Build.0 = Debug|Any CPU
		{6319A273-26F4-6AEA-40D0-948C2DBCFDDD}.Release|Any CPU.ActiveCfg = Release|Any CPU
		{6319A273-26F4-6AEA-40D0-948C2DBCFDDD}.Release|Any CPU.Build.0 = Release|Any CPU
	EndGlobalSection
	GlobalSection(SolutionProperties) = preSolution
		HideSolutionNode = FALSE
	EndGlobalSection
	GlobalSection(NestedProjects) = preSolution
		{55575803-E72D-90B4-B0C7-4F18A1B25CC3} = {5854FF58-B8C5-05C6-5BF2-ACE42193F22B}
		{635CE963-EEFC-CC3D-0F50-132AD06FC56E} = {55575803-E72D-90B4-B0C7-4F18A1B25CC3}
		{1EB3712F-14BD-B9AE-58C7-EC3ABD641BAA} = {55575803-E72D-90B4-B0C7-4F18A1B25CC3}
		{5FDC4F27-3EE4-8691-CD52-D922B3390AF5} = {5854FF58-B8C5-05C6-5BF2-ACE42193F22B}
		{6319A273-26F4-6AEA-40D0-948C2DBCFDDD} = {5FDC4F27-3EE4-8691-CD52-D922B3390AF5}
	EndGlobalSection
	GlobalSection(ExtensibilityGlobals) = postSolution
		SolutionGuid = {F494E6F4-8106-4815-B319-7219FA161B09}
	EndGlobalSection
EndGlobal
