<Solution>
  <Folder Name="/Services/">
    <Project Path="ModelServices/PredictionService.grpc/PredictionService.grpc.csproj" />
    <Project Path="iot-service/Grpc-Server/Grpc-Server.csproj" />
    <Project Path="LichessApiService.grpc/LichessApiService.grpc.csproj" />
    <Project Path="LichessApiService.grpc.Tests/LichessApiService.grpc.Tests.csproj" />
  </Folder>
</Solution>
